
Microsoft Visual Studio Solution File, Format Version 12.00
# Visual Studio Version 16
VisualStudioVersion = 16.0.30011.22
MinimumVisualStudioVersion = 10.0.40219.1
Project("{FAE04EC0-301F-11D3-BF4B-00C04F79EFBC}") = "DynamoCZ", "DynamoCZ.csproj", "{A87F7251-23D9-4ADC-BA18-7E3288BF168B}"
EndProject
Global
	GlobalSection(SolutionConfigurationPlatforms) = preSolution
		Debug|Any CPU = Debug|Any CPU
		Release|Any CPU = Release|Any CPU
	EndGlobalSection
	GlobalSection(ProjectConfigurationPlatforms) = postSolution
		{A87F7251-23D9-4ADC-BA18-7E3288BF168B}.Debug|Any CPU.ActiveCfg = Debug|Any CPU
		{A87F7251-23D9-4ADC-BA18-7E3288BF168B}.Debug|Any CPU.Build.0 = Debug|Any CPU
		{A87F7251-23D9-4ADC-BA18-7E3288BF168B}.Release|Any CPU.ActiveCfg = Release|Any CPU
		{A87F7251-23D9-4ADC-BA18-7E3288BF168B}.Release|Any CPU.Build.0 = Release|Any CPU
	EndGlobalSection
	GlobalSection(SolutionProperties) = preSolution
		HideSolutionNode = FALSE
	EndGlobalSection
	GlobalSection(ExtensibilityGlobals) = postSolution
		SolutionGuid = {966EC401-BDCD-497B-84AB-16624934F665}
	EndGlobalSection
EndGlobal
